
Microsoft Visual Studio Solution File, Format Version 12.00
# Visual Studio Version 17
VisualStudioVersion = 17.4.33205.214
MinimumVisualStudioVersion = 10.0.40219.1
Project("{FAE04EC0-301F-11D3-BF4B-00C04F79EFBC}") = "ExamBooks_ThreeTier_Core", "ExamBooks_ThreeTier_Core\ExamBooks_ThreeTier_Core.csproj", "{C1DB161F-AAD6-440D-9C4B-F006815251F3}"
EndProject
Project("{FAE04EC0-301F-11D3-BF4B-00C04F79EFBC}") = "Books.Data", "Books.Data\Books.Data.csproj", "{26CE58DB-F5B0-4124-A430-016778C05E0C}"
EndProject
Project("{FAE04EC0-301F-11D3-BF4B-00C04F79EFBC}") = "Books.Model", "Books.Model\Books.Model.csproj", "{530099A8-665F-40FF-AE7A-5C2E60045F18}"
EndProject
Global
	GlobalSection(SolutionConfigurationPlatforms) = preSolution
		Debug|Any CPU = Debug|Any CPU
		Release|Any CPU = Release|Any CPU
	EndGlobalSection
	GlobalSection(ProjectConfigurationPlatforms) = postSolution
		{C1DB161F-AAD6-440D-9C4B-F006815251F3}.Debug|Any CPU.ActiveCfg = Debug|Any CPU
		{C1DB161F-AAD6-440D-9C4B-F006815251F3}.Debug|Any CPU.Build.0 = Debug|Any CPU
		{C1DB161F-AAD6-440D-9C4B-F006815251F3}.Release|Any CPU.ActiveCfg = Release|Any CPU
		{C1DB161F-AAD6-440D-9C4B-F006815251F3}.Release|Any CPU.Build.0 = Release|Any CPU
		{26CE58DB-F5B0-4124-A430-016778C05E0C}.Debug|Any CPU.ActiveCfg = Debug|Any CPU
		{26CE58DB-F5B0-4124-A430-016778C05E0C}.Debug|Any CPU.Build.0 = Debug|Any CPU
		{26CE58DB-F5B0-4124-A430-016778C05E0C}.Release|Any CPU.ActiveCfg = Release|Any CPU
		{26CE58DB-F5B0-4124-A430-016778C05E0C}.Release|Any CPU.Build.0 = Release|Any CPU
		{530099A8-665F-40FF-AE7A-5C2E60045F18}.Debug|Any CPU.ActiveCfg = Debug|Any CPU
		{530099A8-665F-40FF-AE7A-5C2E60045F18}.Debug|Any CPU.Build.0 = Debug|Any CPU
		{530099A8-665F-40FF-AE7A-5C2E60045F18}.Release|Any CPU.ActiveCfg = Release|Any CPU
		{530099A8-665F-40FF-AE7A-5C2E60045F18}.Release|Any CPU.Build.0 = Release|Any CPU
	EndGlobalSection
	GlobalSection(SolutionProperties) = preSolution
		HideSolutionNode = FALSE
	EndGlobalSection
	GlobalSection(ExtensibilityGlobals) = postSolution
		SolutionGuid = {A8209C8A-CD2C-4826-981B-57188F3D74FB}
	EndGlobalSection
EndGlobal
